// !$*UTF8*$!
{
	archiveVersion = 1;
	classes = {
	};
	objectVersion = 56;
	objects = {

/* Begin PBXBuildFile section */
		15779B1F1D96EEAB4C7855FB /* Pods_VascommMobileTests.framework in Frameworks */ = {isa = PBXBuildFile; fileRef = C04C19B398A9B1296F22418B /* Pods_VascommMobileTests.framework */; };
		355E1F490033C40AC63197B5 /* Pods_VascommMobile.framework in Frameworks */ = {isa = PBXBuildFile; fileRef = 97CD41D91D538BF605B4E7CA /* Pods_VascommMobile.framework */; };
		361E71A32B04855100F78E56 /* AppDelegate.swift in Sources */ = {isa = PBXBuildFile; fileRef = 361E71A22B04855100F78E56 /* AppDelegate.swift */; };
		361E71A52B04855100F78E56 /* SceneDelegate.swift in Sources */ = {isa = PBXBuildFile; fileRef = 361E71A42B04855100F78E56 /* SceneDelegate.swift */; };
		361E71A72B04855100F78E56 /* ViewController.swift in Sources */ = {isa = PBXBuildFile; fileRef = 361E71A62B04855100F78E56 /* ViewController.swift */; };
		361E71AA2B04855100F78E56 /* Main.storyboard in Resources */ = {isa = PBXBuildFile; fileRef = 361E71A82B04855100F78E56 /* Main.storyboard */; };
		361E71AC2B04855200F78E56 /* Assets.xcassets in Resources */ = {isa = PBXBuildFile; fileRef = 361E71AB2B04855200F78E56 /* Assets.xcassets */; };
		361E71AF2B04855200F78E56 /* LaunchScreen.storyboard in Resources */ = {isa = PBXBuildFile; fileRef = 361E71AD2B04855200F78E56 /* LaunchScreen.storyboard */; };
		361E71BA2B04855200F78E56 /* VascommMobileTests.swift in Sources */ = {isa = PBXBuildFile; fileRef = 361E71B92B04855200F78E56 /* VascommMobileTests.swift */; };
		361E71C42B04855200F78E56 /* VascommMobileUITests.swift in Sources */ = {isa = PBXBuildFile; fileRef = 361E71C32B04855200F78E56 /* VascommMobileUITests.swift */; };
		361E71C62B04855200F78E56 /* VascommMobileUITestsLaunchTests.swift in Sources */ = {isa = PBXBuildFile; fileRef = 361E71C52B04855200F78E56 /* VascommMobileUITestsLaunchTests.swift */; };
		361E71E62B04879F00F78E56 /* Router.swift in Sources */ = {isa = PBXBuildFile; fileRef = 361E71E52B04879F00F78E56 /* Router.swift */; };
		361E71EA2B0487EA00F78E56 /* BaseViewModel.swift in Sources */ = {isa = PBXBuildFile; fileRef = 361E71E92B0487EA00F78E56 /* BaseViewModel.swift */; };
		361E71F32B048EC700F78E56 /* Gilroy-ExtraBold.otf in Resources */ = {isa = PBXBuildFile; fileRef = 361E71F12B048EC700F78E56 /* Gilroy-ExtraBold.otf */; };
		361E71F42B048EC700F78E56 /* Gilroy-Light.otf in Resources */ = {isa = PBXBuildFile; fileRef = 361E71F22B048EC700F78E56 /* Gilroy-Light.otf */; };
		361E71F82B04923F00F78E56 /* Proxima-Nova-Regular.otf in Resources */ = {isa = PBXBuildFile; fileRef = 361E71F62B04923F00F78E56 /* Proxima-Nova-Regular.otf */; };
		361E71F92B04923F00F78E56 /* Proxima-Nova-Semibold.otf in Resources */ = {isa = PBXBuildFile; fileRef = 361E71F72B04923F00F78E56 /* Proxima-Nova-Semibold.otf */; };
		361E71FB2B0492FA00F78E56 /* Then.swift in Sources */ = {isa = PBXBuildFile; fileRef = 361E71FA2B0492FA00F78E56 /* Then.swift */; };
		361E71FD2B04930800F78E56 /* ImageConstants.swift in Sources */ = {isa = PBXBuildFile; fileRef = 361E71FC2B04930800F78E56 /* ImageConstants.swift */; };
		361E71FF2B04935B00F78E56 /* FontConstants.swift in Sources */ = {isa = PBXBuildFile; fileRef = 361E71FE2B04935B00F78E56 /* FontConstants.swift */; };
		361E72012B0494DD00F78E56 /* ExtensionUIView.swift in Sources */ = {isa = PBXBuildFile; fileRef = 361E72002B0494DD00F78E56 /* ExtensionUIView.swift */; };
		361E72032B0494EE00F78E56 /* ExtensionUIStackView.swift in Sources */ = {isa = PBXBuildFile; fileRef = 361E72022B0494EE00F78E56 /* ExtensionUIStackView.swift */; };
		361E72052B04950100F78E56 /* ExtensionUIButton.swift in Sources */ = {isa = PBXBuildFile; fileRef = 361E72042B04950100F78E56 /* ExtensionUIButton.swift */; };
		361E72072B04952400F78E56 /* ColorConstants.swift in Sources */ = {isa = PBXBuildFile; fileRef = 361E72062B04952400F78E56 /* ColorConstants.swift */; };
		361E72092B0495CA00F78E56 /* LoginViewController.swift in Sources */ = {isa = PBXBuildFile; fileRef = 361E72082B0495CA00F78E56 /* LoginViewController.swift */; };
		361E720B2B0495D100F78E56 /* LoginViewModel.swift in Sources */ = {isa = PBXBuildFile; fileRef = 361E720A2B0495D100F78E56 /* LoginViewModel.swift */; };
		361E720D2B04969E00F78E56 /* WelcomeHeaderView.swift in Sources */ = {isa = PBXBuildFile; fileRef = 361E720C2B04969E00F78E56 /* WelcomeHeaderView.swift */; };
		361E720F2B0496CB00F78E56 /* WelcomeFooterView.swift in Sources */ = {isa = PBXBuildFile; fileRef = 361E720E2B0496CB00F78E56 /* WelcomeFooterView.swift */; };
		361E72122B0496E800F78E56 /* LoginView.swift in Sources */ = {isa = PBXBuildFile; fileRef = 361E72112B0496E800F78E56 /* LoginView.swift */; };
		361E72142B04971A00F78E56 /* TextField.swift in Sources */ = {isa = PBXBuildFile; fileRef = 361E72132B04971A00F78E56 /* TextField.swift */; };
		361E72162B049C3D00F78E56 /* Gilroy-SemiBold.ttf in Resources */ = {isa = PBXBuildFile; fileRef = 361E72152B049C3C00F78E56 /* Gilroy-SemiBold.ttf */; };
		361E72182B04A62C00F78E56 /* ExtensionUIImage.swift in Sources */ = {isa = PBXBuildFile; fileRef = 361E72172B04A62C00F78E56 /* ExtensionUIImage.swift */; };
		361E721B2B04A6FD00F78E56 /* RegisterViewController.swift in Sources */ = {isa = PBXBuildFile; fileRef = 361E721A2B04A6FD00F78E56 /* RegisterViewController.swift */; };
		361E721D2B04A70500F78E56 /* RegisterViewModel.swift in Sources */ = {isa = PBXBuildFile; fileRef = 361E721C2B04A70500F78E56 /* RegisterViewModel.swift */; };
		361E72202B04A85600F78E56 /* RegisterView.swift in Sources */ = {isa = PBXBuildFile; fileRef = 361E721F2B04A85600F78E56 /* RegisterView.swift */; };
		361E72232B04A8A800F78E56 /* RegisterRequestModel.swift in Sources */ = {isa = PBXBuildFile; fileRef = 361E72222B04A8A800F78E56 /* RegisterRequestModel.swift */; };
		361E72252B04A9B300F78E56 /* ExtensionUINavigationController.swift in Sources */ = {isa = PBXBuildFile; fileRef = 361E72242B04A9B300F78E56 /* ExtensionUINavigationController.swift */; };
		361E72282B04AD1100F78E56 /* HomeViewController.swift in Sources */ = {isa = PBXBuildFile; fileRef = 361E72272B04AD1100F78E56 /* HomeViewController.swift */; };
		361E722A2B04AD3400F78E56 /* HomeViewModel.swift in Sources */ = {isa = PBXBuildFile; fileRef = 361E72292B04AD3400F78E56 /* HomeViewModel.swift */; };
		361E722D2B04AD5500F78E56 /* HealthSolutionCardView.swift in Sources */ = {isa = PBXBuildFile; fileRef = 361E722C2B04AD5500F78E56 /* HealthSolutionCardView.swift */; };
		361E722F2B04AD6300F78E56 /* SpecialServiceCardView.swift in Sources */ = {isa = PBXBuildFile; fileRef = 361E722E2B04AD6300F78E56 /* SpecialServiceCardView.swift */; };
		361E72312B04AD7300F78E56 /* TrackCardView.swift in Sources */ = {isa = PBXBuildFile; fileRef = 361E72302B04AD7300F78E56 /* TrackCardView.swift */; };
		361E72332B04AE6A00F78E56 /* UIWindowTransition.swift in Sources */ = {isa = PBXBuildFile; fileRef = 361E72322B04AE6A00F78E56 /* UIWindowTransition.swift */; };
		361E723D2B04C74500F78E56 /* HomeCardCell.swift in Sources */ = {isa = PBXBuildFile; fileRef = 361E723C2B04C74500F78E56 /* HomeCardCell.swift */; };
		361E723F2B04C92800F78E56 /* HomeSearchCell.swift in Sources */ = {isa = PBXBuildFile; fileRef = 361E723E2B04C92800F78E56 /* HomeSearchCell.swift */; };
		361E72412B04CC3B00F78E56 /* HomeProductItemCell.swift in Sources */ = {isa = PBXBuildFile; fileRef = 361E72402B04CC3B00F78E56 /* HomeProductItemCell.swift */; };
		361E72432B04CF1300F78E56 /* HomeProductListCell.swift in Sources */ = {isa = PBXBuildFile; fileRef = 361E72422B04CF1300F78E56 /* HomeProductListCell.swift */; };
		361E72452B04D47200F78E56 /* HomeProductListModel.swift in Sources */ = {isa = PBXBuildFile; fileRef = 361E72442B04D47200F78E56 /* HomeProductListModel.swift */; };
		361E72492B04D4CD00F78E56 /* HomeServiceItemCell.swift in Sources */ = {isa = PBXBuildFile; fileRef = 361E72482B04D4CD00F78E56 /* HomeServiceItemCell.swift */; };
		361E724B2B04D9CF00F78E56 /* HomeServiceHeaderCell.swift in Sources */ = {isa = PBXBuildFile; fileRef = 361E724A2B04D9CF00F78E56 /* HomeServiceHeaderCell.swift */; };
		361E724D2B04DC2300F78E56 /* HomeServiceModel.swift in Sources */ = {isa = PBXBuildFile; fileRef = 361E724C2B04DC2300F78E56 /* HomeServiceModel.swift */; };
		361E72502B051E7600F78E56 /* MoreViewController.swift in Sources */ = {isa = PBXBuildFile; fileRef = 361E724F2B051E7600F78E56 /* MoreViewController.swift */; };
		361E72522B051E8000F78E56 /* MoreViewModel.swift in Sources */ = {isa = PBXBuildFile; fileRef = 361E72512B051E8000F78E56 /* MoreViewModel.swift */; };
		361E72542B051ED100F78E56 /* UserModel.swift in Sources */ = {isa = PBXBuildFile; fileRef = 361E72532B051ED100F78E56 /* UserModel.swift */; };
		361E72562B051F1D00F78E56 /* UserDefaultsConfig.swift in Sources */ = {isa = PBXBuildFile; fileRef = 361E72552B051F1D00F78E56 /* UserDefaultsConfig.swift */; };
		361E72592B051F6000F78E56 /* MoreContentView.swift in Sources */ = {isa = PBXBuildFile; fileRef = 361E72582B051F6000F78E56 /* MoreContentView.swift */; };
		361E725B2B05259500F78E56 /* ExtensionUIImageView.swift in Sources */ = {isa = PBXBuildFile; fileRef = 361E725A2B05259500F78E56 /* ExtensionUIImageView.swift */; };
		361E725D2B0533A100F78E56 /* Endpoint.swift in Sources */ = {isa = PBXBuildFile; fileRef = 361E725C2B0533A100F78E56 /* Endpoint.swift */; };
		361E725F2B05340C00F78E56 /* NetworkConfig.swift in Sources */ = {isa = PBXBuildFile; fileRef = 361E725E2B05340C00F78E56 /* NetworkConfig.swift */; };
		361E72612B05342500F78E56 /* NetworkService.swift in Sources */ = {isa = PBXBuildFile; fileRef = 361E72602B05342500F78E56 /* NetworkService.swift */; };
		361E72632B05344000F78E56 /* NetworkSession.swift in Sources */ = {isa = PBXBuildFile; fileRef = 361E72622B05344000F78E56 /* NetworkSession.swift */; };
		361E72652B05346000F78E56 /* DataTransferService.swift in Sources */ = {isa = PBXBuildFile; fileRef = 361E72642B05346000F78E56 /* DataTransferService.swift */; };
		361E72672B0534DC00F78E56 /* ErrorModel.swift in Sources */ = {isa = PBXBuildFile; fileRef = 361E72662B0534DC00F78E56 /* ErrorModel.swift */; };
		361E726A2B05351800F78E56 /* AuthEndpoint.swift in Sources */ = {isa = PBXBuildFile; fileRef = 361E72692B05351800F78E56 /* AuthEndpoint.swift */; };
		361E726C2B05353100F78E56 /* Token.swift in Sources */ = {isa = PBXBuildFile; fileRef = 361E726B2B05353100F78E56 /* Token.swift */; };
		361E726E2B05355000F78E56 /* AuthRepository.swift in Sources */ = {isa = PBXBuildFile; fileRef = 361E726D2B05355000F78E56 /* AuthRepository.swift */; };
		361E72702B05356100F78E56 /* AuthUseCase.swift in Sources */ = {isa = PBXBuildFile; fileRef = 361E726F2B05356100F78E56 /* AuthUseCase.swift */; };
		361E72722B05357600F78E56 /* DI.swift in Sources */ = {isa = PBXBuildFile; fileRef = 361E72712B05357600F78E56 /* DI.swift */; };
		361E72742B05359700F78E56 /* NetworkInjectionKey.swift in Sources */ = {isa = PBXBuildFile; fileRef = 361E72732B05359700F78E56 /* NetworkInjectionKey.swift */; };
		361E72762B0535AC00F78E56 /* RepositoryInjectionKey.swift in Sources */ = {isa = PBXBuildFile; fileRef = 361E72752B0535AC00F78E56 /* RepositoryInjectionKey.swift */; };
		361E72782B0535BD00F78E56 /* UseCaseInjectionKey.swift in Sources */ = {isa = PBXBuildFile; fileRef = 361E72772B0535BD00F78E56 /* UseCaseInjectionKey.swift */; };
		361E727A2B05362E00F78E56 /* ExtensionObservable.swift in Sources */ = {isa = PBXBuildFile; fileRef = 361E72792B05362E00F78E56 /* ExtensionObservable.swift */; };
		361E727C2B0536FD00F78E56 /* ExtensionError.swift in Sources */ = {isa = PBXBuildFile; fileRef = 361E727B2B0536FD00F78E56 /* ExtensionError.swift */; };
		361E727F2B05D7C400F78E56 /* ProfileViewController.swift in Sources */ = {isa = PBXBuildFile; fileRef = 361E727E2B05D7C400F78E56 /* ProfileViewController.swift */; };
		361E72812B05D7E500F78E56 /* ProfileViewModel.swift in Sources */ = {isa = PBXBuildFile; fileRef = 361E72802B05D7E500F78E56 /* ProfileViewModel.swift */; };
		361E72842B05D7F800F78E56 /* ProfileFormView.swift in Sources */ = {isa = PBXBuildFile; fileRef = 361E72832B05D7F800F78E56 /* ProfileFormView.swift */; };
		361E72862B05D80500F78E56 /* ProfileFormHeaderView.swift in Sources */ = {isa = PBXBuildFile; fileRef = 361E72852B05D80500F78E56 /* ProfileFormHeaderView.swift */; };
		361E72882B05D81600F78E56 /* ProfileCardView.swift in Sources */ = {isa = PBXBuildFile; fileRef = 361E72872B05D81600F78E56 /* ProfileCardView.swift */; };
		BB04F93EC2F04AC93A993581 /* Pods_VascommMobile_VascommMobileUITests.framework in Frameworks */ = {isa = PBXBuildFile; fileRef = FD0A582ADD77BC1B5B905FBB /* Pods_VascommMobile_VascommMobileUITests.framework */; };
/* End PBXBuildFile section */

/* Begin PBXContainerItemProxy section */
		361E71B62B04855200F78E56 /* PBXContainerItemProxy */ = {
			isa = PBXContainerItemProxy;
			containerPortal = 361E71972B04855100F78E56 /* Project object */;
			proxyType = 1;
			remoteGlobalIDString = 361E719E2B04855100F78E56;
			remoteInfo = VascommMobile;
		};
		361E71C02B04855200F78E56 /* PBXContainerItemProxy */ = {
			isa = PBXContainerItemProxy;
			containerPortal = 361E71972B04855100F78E56 /* Project object */;
			proxyType = 1;
			remoteGlobalIDString = 361E719E2B04855100F78E56;
			remoteInfo = VascommMobile;
		};
/* End PBXContainerItemProxy section */

/* Begin PBXFileReference section */
		218F8E0C3A1F51DE0DE6CF36 /* Pods-VascommMobile-VascommMobileUITests.release.xcconfig */ = {isa = PBXFileReference; includeInIndex = 1; lastKnownFileType = text.xcconfig; name = "Pods-VascommMobile-VascommMobileUITests.release.xcconfig"; path = "Target Support Files/Pods-VascommMobile-VascommMobileUITests/Pods-VascommMobile-VascommMobileUITests.release.xcconfig"; sourceTree = "<group>"; };
		247380E688ED80F863506F58 /* Pods-VascommMobileTests.debug.xcconfig */ = {isa = PBXFileReference; includeInIndex = 1; lastKnownFileType = text.xcconfig; name = "Pods-VascommMobileTests.debug.xcconfig"; path = "Target Support Files/Pods-VascommMobileTests/Pods-VascommMobileTests.debug.xcconfig"; sourceTree = "<group>"; };
		361E719F2B04855100F78E56 /* VascommMobile.app */ = {isa = PBXFileReference; explicitFileType = wrapper.application; includeInIndex = 0; path = VascommMobile.app; sourceTree = BUILT_PRODUCTS_DIR; };
		361E71A22B04855100F78E56 /* AppDelegate.swift */ = {isa = PBXFileReference; lastKnownFileType = sourcecode.swift; path = AppDelegate.swift; sourceTree = "<group>"; };
		361E71A42B04855100F78E56 /* SceneDelegate.swift */ = {isa = PBXFileReference; lastKnownFileType = sourcecode.swift; path = SceneDelegate.swift; sourceTree = "<group>"; };
		361E71A62B04855100F78E56 /* ViewController.swift */ = {isa = PBXFileReference; lastKnownFileType = sourcecode.swift; path = ViewController.swift; sourceTree = "<group>"; };
		361E71A92B04855100F78E56 /* Base */ = {isa = PBXFileReference; lastKnownFileType = file.storyboard; name = Base; path = Base.lproj/Main.storyboard; sourceTree = "<group>"; };
		361E71AB2B04855200F78E56 /* Assets.xcassets */ = {isa = PBXFileReference; lastKnownFileType = folder.assetcatalog; path = Assets.xcassets; sourceTree = "<group>"; };
		361E71AE2B04855200F78E56 /* Base */ = {isa = PBXFileReference; lastKnownFileType = file.storyboard; name = Base; path = Base.lproj/LaunchScreen.storyboard; sourceTree = "<group>"; };
		361E71B02B04855200F78E56 /* Info.plist */ = {isa = PBXFileReference; lastKnownFileType = text.plist.xml; path = Info.plist; sourceTree = "<group>"; };
		361E71B52B04855200F78E56 /* VascommMobileTests.xctest */ = {isa = PBXFileReference; explicitFileType = wrapper.cfbundle; includeInIndex = 0; path = VascommMobileTests.xctest; sourceTree = BUILT_PRODUCTS_DIR; };
		361E71B92B04855200F78E56 /* VascommMobileTests.swift */ = {isa = PBXFileReference; lastKnownFileType = sourcecode.swift; path = VascommMobileTests.swift; sourceTree = "<group>"; };
		361E71BF2B04855200F78E56 /* VascommMobileUITests.xctest */ = {isa = PBXFileReference; explicitFileType = wrapper.cfbundle; includeInIndex = 0; path = VascommMobileUITests.xctest; sourceTree = BUILT_PRODUCTS_DIR; };
		361E71C32B04855200F78E56 /* VascommMobileUITests.swift */ = {isa = PBXFileReference; lastKnownFileType = sourcecode.swift; path = VascommMobileUITests.swift; sourceTree = "<group>"; };
		361E71C52B04855200F78E56 /* VascommMobileUITestsLaunchTests.swift */ = {isa = PBXFileReference; lastKnownFileType = sourcecode.swift; path = VascommMobileUITestsLaunchTests.swift; sourceTree = "<group>"; };
		361E71E52B04879F00F78E56 /* Router.swift */ = {isa = PBXFileReference; lastKnownFileType = sourcecode.swift; path = Router.swift; sourceTree = "<group>"; };
		361E71E92B0487EA00F78E56 /* BaseViewModel.swift */ = {isa = PBXFileReference; lastKnownFileType = sourcecode.swift; path = BaseViewModel.swift; sourceTree = "<group>"; };
		361E71F12B048EC700F78E56 /* Gilroy-ExtraBold.otf */ = {isa = PBXFileReference; lastKnownFileType = file; path = "Gilroy-ExtraBold.otf"; sourceTree = "<group>"; };
		361E71F22B048EC700F78E56 /* Gilroy-Light.otf */ = {isa = PBXFileReference; lastKnownFileType = file; path = "Gilroy-Light.otf"; sourceTree = "<group>"; };
		361E71F62B04923F00F78E56 /* Proxima-Nova-Regular.otf */ = {isa = PBXFileReference; lastKnownFileType = file; path = "Proxima-Nova-Regular.otf"; sourceTree = "<group>"; };
		361E71F72B04923F00F78E56 /* Proxima-Nova-Semibold.otf */ = {isa = PBXFileReference; lastKnownFileType = file; path = "Proxima-Nova-Semibold.otf"; sourceTree = "<group>"; };
		361E71FA2B0492FA00F78E56 /* Then.swift */ = {isa = PBXFileReference; lastKnownFileType = sourcecode.swift; path = Then.swift; sourceTree = "<group>"; };
		361E71FC2B04930800F78E56 /* ImageConstants.swift */ = {isa = PBXFileReference; lastKnownFileType = sourcecode.swift; path = ImageConstants.swift; sourceTree = "<group>"; };
		361E71FE2B04935B00F78E56 /* FontConstants.swift */ = {isa = PBXFileReference; lastKnownFileType = sourcecode.swift; path = FontConstants.swift; sourceTree = "<group>"; };
		361E72002B0494DD00F78E56 /* ExtensionUIView.swift */ = {isa = PBXFileReference; lastKnownFileType = sourcecode.swift; path = ExtensionUIView.swift; sourceTree = "<group>"; };
		361E72022B0494EE00F78E56 /* ExtensionUIStackView.swift */ = {isa = PBXFileReference; lastKnownFileType = sourcecode.swift; path = ExtensionUIStackView.swift; sourceTree = "<group>"; };
		361E72042B04950100F78E56 /* ExtensionUIButton.swift */ = {isa = PBXFileReference; lastKnownFileType = sourcecode.swift; path = ExtensionUIButton.swift; sourceTree = "<group>"; };
		361E72062B04952400F78E56 /* ColorConstants.swift */ = {isa = PBXFileReference; lastKnownFileType = sourcecode.swift; path = ColorConstants.swift; sourceTree = "<group>"; };
		361E72082B0495CA00F78E56 /* LoginViewController.swift */ = {isa = PBXFileReference; lastKnownFileType = sourcecode.swift; path = LoginViewController.swift; sourceTree = "<group>"; };
		361E720A2B0495D100F78E56 /* LoginViewModel.swift */ = {isa = PBXFileReference; lastKnownFileType = sourcecode.swift; path = LoginViewModel.swift; sourceTree = "<group>"; };
		361E720C2B04969E00F78E56 /* WelcomeHeaderView.swift */ = {isa = PBXFileReference; lastKnownFileType = sourcecode.swift; path = WelcomeHeaderView.swift; sourceTree = "<group>"; };
		361E720E2B0496CB00F78E56 /* WelcomeFooterView.swift */ = {isa = PBXFileReference; lastKnownFileType = sourcecode.swift; path = WelcomeFooterView.swift; sourceTree = "<group>"; };
		361E72112B0496E800F78E56 /* LoginView.swift */ = {isa = PBXFileReference; lastKnownFileType = sourcecode.swift; path = LoginView.swift; sourceTree = "<group>"; };
		361E72132B04971A00F78E56 /* TextField.swift */ = {isa = PBXFileReference; lastKnownFileType = sourcecode.swift; path = TextField.swift; sourceTree = "<group>"; };
		361E72152B049C3C00F78E56 /* Gilroy-SemiBold.ttf */ = {isa = PBXFileReference; lastKnownFileType = file; path = "Gilroy-SemiBold.ttf"; sourceTree = "<group>"; };
		361E72172B04A62C00F78E56 /* ExtensionUIImage.swift */ = {isa = PBXFileReference; lastKnownFileType = sourcecode.swift; path = ExtensionUIImage.swift; sourceTree = "<group>"; };
		361E721A2B04A6FD00F78E56 /* RegisterViewController.swift */ = {isa = PBXFileReference; lastKnownFileType = sourcecode.swift; path = RegisterViewController.swift; sourceTree = "<group>"; };
		361E721C2B04A70500F78E56 /* RegisterViewModel.swift */ = {isa = PBXFileReference; lastKnownFileType = sourcecode.swift; path = RegisterViewModel.swift; sourceTree = "<group>"; };
		361E721F2B04A85600F78E56 /* RegisterView.swift */ = {isa = PBXFileReference; lastKnownFileType = sourcecode.swift; path = RegisterView.swift; sourceTree = "<group>"; };
		361E72222B04A8A800F78E56 /* RegisterRequestModel.swift */ = {isa = PBXFileReference; lastKnownFileType = sourcecode.swift; path = RegisterRequestModel.swift; sourceTree = "<group>"; };
		361E72242B04A9B300F78E56 /* ExtensionUINavigationController.swift */ = {isa = PBXFileReference; lastKnownFileType = sourcecode.swift; path = ExtensionUINavigationController.swift; sourceTree = "<group>"; };
		361E72272B04AD1100F78E56 /* HomeViewController.swift */ = {isa = PBXFileReference; lastKnownFileType = sourcecode.swift; path = HomeViewController.swift; sourceTree = "<group>"; };
		361E72292B04AD3400F78E56 /* HomeViewModel.swift */ = {isa = PBXFileReference; lastKnownFileType = sourcecode.swift; path = HomeViewModel.swift; sourceTree = "<group>"; };
		361E722C2B04AD5500F78E56 /* HealthSolutionCardView.swift */ = {isa = PBXFileReference; lastKnownFileType = sourcecode.swift; path = HealthSolutionCardView.swift; sourceTree = "<group>"; };
		361E722E2B04AD6300F78E56 /* SpecialServiceCardView.swift */ = {isa = PBXFileReference; lastKnownFileType = sourcecode.swift; path = SpecialServiceCardView.swift; sourceTree = "<group>"; };
		361E72302B04AD7300F78E56 /* TrackCardView.swift */ = {isa = PBXFileReference; lastKnownFileType = sourcecode.swift; path = TrackCardView.swift; sourceTree = "<group>"; };
		361E72322B04AE6A00F78E56 /* UIWindowTransition.swift */ = {isa = PBXFileReference; lastKnownFileType = sourcecode.swift; path = UIWindowTransition.swift; sourceTree = "<group>"; };
		361E723C2B04C74500F78E56 /* HomeCardCell.swift */ = {isa = PBXFileReference; lastKnownFileType = sourcecode.swift; path = HomeCardCell.swift; sourceTree = "<group>"; };
		361E723E2B04C92800F78E56 /* HomeSearchCell.swift */ = {isa = PBXFileReference; lastKnownFileType = sourcecode.swift; path = HomeSearchCell.swift; sourceTree = "<group>"; };
		361E72402B04CC3B00F78E56 /* HomeProductItemCell.swift */ = {isa = PBXFileReference; lastKnownFileType = sourcecode.swift; path = HomeProductItemCell.swift; sourceTree = "<group>"; };
		361E72422B04CF1300F78E56 /* HomeProductListCell.swift */ = {isa = PBXFileReference; lastKnownFileType = sourcecode.swift; path = HomeProductListCell.swift; sourceTree = "<group>"; };
		361E72442B04D47200F78E56 /* HomeProductListModel.swift */ = {isa = PBXFileReference; lastKnownFileType = sourcecode.swift; path = HomeProductListModel.swift; sourceTree = "<group>"; };
		361E72482B04D4CD00F78E56 /* HomeServiceItemCell.swift */ = {isa = PBXFileReference; lastKnownFileType = sourcecode.swift; path = HomeServiceItemCell.swift; sourceTree = "<group>"; };
		361E724A2B04D9CF00F78E56 /* HomeServiceHeaderCell.swift */ = {isa = PBXFileReference; lastKnownFileType = sourcecode.swift; path = HomeServiceHeaderCell.swift; sourceTree = "<group>"; };
		361E724C2B04DC2300F78E56 /* HomeServiceModel.swift */ = {isa = PBXFileReference; lastKnownFileType = sourcecode.swift; path = HomeServiceModel.swift; sourceTree = "<group>"; };
		361E724F2B051E7600F78E56 /* MoreViewController.swift */ = {isa = PBXFileReference; lastKnownFileType = sourcecode.swift; path = MoreViewController.swift; sourceTree = "<group>"; };
		361E72512B051E8000F78E56 /* MoreViewModel.swift */ = {isa = PBXFileReference; lastKnownFileType = sourcecode.swift; path = MoreViewModel.swift; sourceTree = "<group>"; };
		361E72532B051ED100F78E56 /* UserModel.swift */ = {isa = PBXFileReference; lastKnownFileType = sourcecode.swift; path = UserModel.swift; sourceTree = "<group>"; };
		361E72552B051F1D00F78E56 /* UserDefaultsConfig.swift */ = {isa = PBXFileReference; lastKnownFileType = sourcecode.swift; path = UserDefaultsConfig.swift; sourceTree = "<group>"; };
		361E72582B051F6000F78E56 /* MoreContentView.swift */ = {isa = PBXFileReference; lastKnownFileType = sourcecode.swift; path = MoreContentView.swift; sourceTree = "<group>"; };
		361E725A2B05259500F78E56 /* ExtensionUIImageView.swift */ = {isa = PBXFileReference; lastKnownFileType = sourcecode.swift; path = ExtensionUIImageView.swift; sourceTree = "<group>"; };
		361E725C2B0533A100F78E56 /* Endpoint.swift */ = {isa = PBXFileReference; lastKnownFileType = sourcecode.swift; path = Endpoint.swift; sourceTree = "<group>"; };
		361E725E2B05340C00F78E56 /* NetworkConfig.swift */ = {isa = PBXFileReference; lastKnownFileType = sourcecode.swift; path = NetworkConfig.swift; sourceTree = "<group>"; };
		361E72602B05342500F78E56 /* NetworkService.swift */ = {isa = PBXFileReference; lastKnownFileType = sourcecode.swift; path = NetworkService.swift; sourceTree = "<group>"; };
		361E72622B05344000F78E56 /* NetworkSession.swift */ = {isa = PBXFileReference; lastKnownFileType = sourcecode.swift; path = NetworkSession.swift; sourceTree = "<group>"; };
		361E72642B05346000F78E56 /* DataTransferService.swift */ = {isa = PBXFileReference; lastKnownFileType = sourcecode.swift; path = DataTransferService.swift; sourceTree = "<group>"; };
		361E72662B0534DC00F78E56 /* ErrorModel.swift */ = {isa = PBXFileReference; lastKnownFileType = sourcecode.swift; path = ErrorModel.swift; sourceTree = "<group>"; };
		361E72692B05351800F78E56 /* AuthEndpoint.swift */ = {isa = PBXFileReference; lastKnownFileType = sourcecode.swift; path = AuthEndpoint.swift; sourceTree = "<group>"; };
		361E726B2B05353100F78E56 /* Token.swift */ = {isa = PBXFileReference; lastKnownFileType = sourcecode.swift; path = Token.swift; sourceTree = "<group>"; };
		361E726D2B05355000F78E56 /* AuthRepository.swift */ = {isa = PBXFileReference; lastKnownFileType = sourcecode.swift; path = AuthRepository.swift; sourceTree = "<group>"; };
		361E726F2B05356100F78E56 /* AuthUseCase.swift */ = {isa = PBXFileReference; lastKnownFileType = sourcecode.swift; path = AuthUseCase.swift; sourceTree = "<group>"; };
		361E72712B05357600F78E56 /* DI.swift */ = {isa = PBXFileReference; lastKnownFileType = sourcecode.swift; path = DI.swift; sourceTree = "<group>"; };
		361E72732B05359700F78E56 /* NetworkInjectionKey.swift */ = {isa = PBXFileReference; lastKnownFileType = sourcecode.swift; path = NetworkInjectionKey.swift; sourceTree = "<group>"; };
		361E72752B0535AC00F78E56 /* RepositoryInjectionKey.swift */ = {isa = PBXFileReference; lastKnownFileType = sourcecode.swift; path = RepositoryInjectionKey.swift; sourceTree = "<group>"; };
		361E72772B0535BD00F78E56 /* UseCaseInjectionKey.swift */ = {isa = PBXFileReference; lastKnownFileType = sourcecode.swift; path = UseCaseInjectionKey.swift; sourceTree = "<group>"; };
		361E72792B05362E00F78E56 /* ExtensionObservable.swift */ = {isa = PBXFileReference; lastKnownFileType = sourcecode.swift; path = ExtensionObservable.swift; sourceTree = "<group>"; };
		361E727B2B0536FD00F78E56 /* ExtensionError.swift */ = {isa = PBXFileReference; lastKnownFileType = sourcecode.swift; path = ExtensionError.swift; sourceTree = "<group>"; };
		361E727E2B05D7C400F78E56 /* ProfileViewController.swift */ = {isa = PBXFileReference; lastKnownFileType = sourcecode.swift; path = ProfileViewController.swift; sourceTree = "<group>"; };
		361E72802B05D7E500F78E56 /* ProfileViewModel.swift */ = {isa = PBXFileReference; lastKnownFileType = sourcecode.swift; path = ProfileViewModel.swift; sourceTree = "<group>"; };
		361E72832B05D7F800F78E56 /* ProfileFormView.swift */ = {isa = PBXFileReference; lastKnownFileType = sourcecode.swift; path = ProfileFormView.swift; sourceTree = "<group>"; };
		361E72852B05D80500F78E56 /* ProfileFormHeaderView.swift */ = {isa = PBXFileReference; lastKnownFileType = sourcecode.swift; path = ProfileFormHeaderView.swift; sourceTree = "<group>"; };
		361E72872B05D81600F78E56 /* ProfileCardView.swift */ = {isa = PBXFileReference; lastKnownFileType = sourcecode.swift; path = ProfileCardView.swift; sourceTree = "<group>"; };
		6E9EE3A49908F96F76B2D4F7 /* Pods-VascommMobile-VascommMobileUITests.debug.xcconfig */ = {isa = PBXFileReference; includeInIndex = 1; lastKnownFileType = text.xcconfig; name = "Pods-VascommMobile-VascommMobileUITests.debug.xcconfig"; path = "Target Support Files/Pods-VascommMobile-VascommMobileUITests/Pods-VascommMobile-VascommMobileUITests.debug.xcconfig"; sourceTree = "<group>"; };
		97CD41D91D538BF605B4E7CA /* Pods_VascommMobile.framework */ = {isa = PBXFileReference; explicitFileType = wrapper.framework; includeInIndex = 0; path = Pods_VascommMobile.framework; sourceTree = BUILT_PRODUCTS_DIR; };
		A3D1E1BFDE8A8586F8C60522 /* Pods-VascommMobile.release.xcconfig */ = {isa = PBXFileReference; includeInIndex = 1; lastKnownFileType = text.xcconfig; name = "Pods-VascommMobile.release.xcconfig"; path = "Target Support Files/Pods-VascommMobile/Pods-VascommMobile.release.xcconfig"; sourceTree = "<group>"; };
		AA6D65759F464D57041550CA /* Pods-VascommMobileTests.release.xcconfig */ = {isa = PBXFileReference; includeInIndex = 1; lastKnownFileType = text.xcconfig; name = "Pods-VascommMobileTests.release.xcconfig"; path = "Target Support Files/Pods-VascommMobileTests/Pods-VascommMobileTests.release.xcconfig"; sourceTree = "<group>"; };
		C04C19B398A9B1296F22418B /* Pods_VascommMobileTests.framework */ = {isa = PBXFileReference; explicitFileType = wrapper.framework; includeInIndex = 0; path = Pods_VascommMobileTests.framework; sourceTree = BUILT_PRODUCTS_DIR; };
		C3CFCFDCEAEEEE0C879C4847 /* Pods-VascommMobile.debug.xcconfig */ = {isa = PBXFileReference; includeInIndex = 1; lastKnownFileType = text.xcconfig; name = "Pods-VascommMobile.debug.xcconfig"; path = "Target Support Files/Pods-VascommMobile/Pods-VascommMobile.debug.xcconfig"; sourceTree = "<group>"; };
		FD0A582ADD77BC1B5B905FBB /* Pods_VascommMobile_VascommMobileUITests.framework */ = {isa = PBXFileReference; explicitFileType = wrapper.framework; includeInIndex = 0; path = Pods_VascommMobile_VascommMobileUITests.framework; sourceTree = BUILT_PRODUCTS_DIR; };
/* End PBXFileReference section */

/* Begin PBXFrameworksBuildPhase section */
		361E719C2B04855100F78E56 /* Frameworks */ = {
			isa = PBXFrameworksBuildPhase;
			buildActionMask = 2147483647;
			files = (
				355E1F490033C40AC63197B5 /* Pods_VascommMobile.framework in Frameworks */,
			);
			runOnlyForDeploymentPostprocessing = 0;
		};
		361E71B22B04855200F78E56 /* Frameworks */ = {
			isa = PBXFrameworksBuildPhase;
			buildActionMask = 2147483647;
			files = (
				15779B1F1D96EEAB4C7855FB /* Pods_VascommMobileTests.framework in Frameworks */,
			);
			runOnlyForDeploymentPostprocessing = 0;
		};
		361E71BC2B04855200F78E56 /* Frameworks */ = {
			isa = PBXFrameworksBuildPhase;
			buildActionMask = 2147483647;
			files = (
				BB04F93EC2F04AC93A993581 /* Pods_VascommMobile_VascommMobileUITests.framework in Frameworks */,
			);
			runOnlyForDeploymentPostprocessing = 0;
		};
/* End PBXFrameworksBuildPhase section */

/* Begin PBXGroup section */
		361E71962B04855100F78E56 = {
			isa = PBXGroup;
			children = (
				361E71A12B04855100F78E56 /* VascommMobile */,
				361E71B82B04855200F78E56 /* VascommMobileTests */,
				361E71C22B04855200F78E56 /* VascommMobileUITests */,
				361E71A02B04855100F78E56 /* Products */,
				4044AF5EE020CB7BD504F4E8 /* Pods */,
				ED020989A90B549435E51718 /* Frameworks */,
			);
			sourceTree = "<group>";
		};
		361E71A02B04855100F78E56 /* Products */ = {
			isa = PBXGroup;
			children = (
				361E719F2B04855100F78E56 /* VascommMobile.app */,
				361E71B52B04855200F78E56 /* VascommMobileTests.xctest */,
				361E71BF2B04855200F78E56 /* VascommMobileUITests.xctest */,
			);
			name = Products;
			sourceTree = "<group>";
		};
		361E71A12B04855100F78E56 /* VascommMobile */ = {
			isa = PBXGroup;
			children = (
				361E71E42B04879400F78E56 /* Router */,
				361E71DD2B0486B000F78E56 /* Base */,
				361E71D22B0485CB00F78E56 /* Application */,
				361E71D32B0485E500F78E56 /* UI */,
				361E71D52B0485FA00F78E56 /* Repositories */,
				361E71D42B0485F200F78E56 /* UseCases */,
				361E71D62B04860700F78E56 /* Network */,
				361E71E32B04870500F78E56 /* Persistents */,
				361E71D92B04862900F78E56 /* Models */,
				361E71D72B04861000F78E56 /* DI */,
				361E71D82B04861600F78E56 /* Utils */,
				361E71DB2B04864D00F78E56 /* Resources */,
			);
			path = VascommMobile;
			sourceTree = "<group>";
		};
		361E71B82B04855200F78E56 /* VascommMobileTests */ = {
			isa = PBXGroup;
			children = (
				361E71B92B04855200F78E56 /* VascommMobileTests.swift */,
			);
			path = VascommMobileTests;
			sourceTree = "<group>";
		};
		361E71C22B04855200F78E56 /* VascommMobileUITests */ = {
			isa = PBXGroup;
			children = (
				361E71C32B04855200F78E56 /* VascommMobileUITests.swift */,
				361E71C52B04855200F78E56 /* VascommMobileUITestsLaunchTests.swift */,
			);
			path = VascommMobileUITests;
			sourceTree = "<group>";
		};
		361E71D22B0485CB00F78E56 /* Application */ = {
			isa = PBXGroup;
			children = (
				361E71A22B04855100F78E56 /* AppDelegate.swift */,
				361E71A42B04855100F78E56 /* SceneDelegate.swift */,
				361E71A82B04855100F78E56 /* Main.storyboard */,
				361E71AD2B04855200F78E56 /* LaunchScreen.storyboard */,
			);
			path = Application;
			sourceTree = "<group>";
		};
		361E71D32B0485E500F78E56 /* UI */ = {
			isa = PBXGroup;
			children = (
				361E71DE2B0486CE00F78E56 /* Screens */,
				361E71EB2B0487FE00F78E56 /* Views */,
				361E71EC2B04880500F78E56 /* Cells */,
			);
			path = UI;
			sourceTree = "<group>";
		};
		361E71D42B0485F200F78E56 /* UseCases */ = {
			isa = PBXGroup;
			children = (
				361E726F2B05356100F78E56 /* AuthUseCase.swift */,
			);
			path = UseCases;
			sourceTree = "<group>";
		};
		361E71D52B0485FA00F78E56 /* Repositories */ = {
			isa = PBXGroup;
			children = (
				361E726D2B05355000F78E56 /* AuthRepository.swift */,
			);
			path = Repositories;
			sourceTree = "<group>";
		};
		361E71D62B04860700F78E56 /* Network */ = {
			isa = PBXGroup;
			children = (
				361E72682B05351000F78E56 /* Endpoints */,
				361E725C2B0533A100F78E56 /* Endpoint.swift */,
				361E725E2B05340C00F78E56 /* NetworkConfig.swift */,
				361E72602B05342500F78E56 /* NetworkService.swift */,
				361E72622B05344000F78E56 /* NetworkSession.swift */,
				361E72642B05346000F78E56 /* DataTransferService.swift */,
			);
			path = Network;
			sourceTree = "<group>";
		};
		361E71D72B04861000F78E56 /* DI */ = {
			isa = PBXGroup;
			children = (
				361E72712B05357600F78E56 /* DI.swift */,
				361E72732B05359700F78E56 /* NetworkInjectionKey.swift */,
				361E72752B0535AC00F78E56 /* RepositoryInjectionKey.swift */,
				361E72772B0535BD00F78E56 /* UseCaseInjectionKey.swift */,
			);
			path = DI;
			sourceTree = "<group>";
		};
		361E71D82B04861600F78E56 /* Utils */ = {
			isa = PBXGroup;
			children = (
				361E71E22B0486F100F78E56 /* Vendors */,
				361E71E12B0486EA00F78E56 /* Constants */,
				361E71E02B0486E200F78E56 /* Extentions */,
			);
			path = Utils;
			sourceTree = "<group>";
		};
		361E71D92B04862900F78E56 /* Models */ = {
			isa = PBXGroup;
			children = (
				361E72212B04A89C00F78E56 /* Request Models */,
				361E71DA2B04863700F78E56 /* Response Models */,
				361E72442B04D47200F78E56 /* HomeProductListModel.swift */,
				361E724C2B04DC2300F78E56 /* HomeServiceModel.swift */,
				361E72662B0534DC00F78E56 /* ErrorModel.swift */,
				361E726B2B05353100F78E56 /* Token.swift */,
			);
			path = Models;
			sourceTree = "<group>";
		};
		361E71DA2B04863700F78E56 /* Response Models */ = {
			isa = PBXGroup;
			children = (
				361E72532B051ED100F78E56 /* UserModel.swift */,
			);
			path = "Response Models";
			sourceTree = "<group>";
		};
		361E71DB2B04864D00F78E56 /* Resources */ = {
			isa = PBXGroup;
			children = (
				361E71DC2B04868000F78E56 /* Fonts */,
				361E71AB2B04855200F78E56 /* Assets.xcassets */,
				361E71B02B04855200F78E56 /* Info.plist */,
			);
			path = Resources;
			sourceTree = "<group>";
		};
		361E71DC2B04868000F78E56 /* Fonts */ = {
			isa = PBXGroup;
			children = (
				361E71F52B04922900F78E56 /* Proxima Nova */,
				361E71F02B048EAC00F78E56 /* Gilroy */,
			);
			path = Fonts;
			sourceTree = "<group>";
		};
		361E71DD2B0486B000F78E56 /* Base */ = {
			isa = PBXGroup;
			children = (
				361E71A62B04855100F78E56 /* ViewController.swift */,
				361E71E92B0487EA00F78E56 /* BaseViewModel.swift */,
			);
			path = Base;
			sourceTree = "<group>";
		};
		361E71DE2B0486CE00F78E56 /* Screens */ = {
			isa = PBXGroup;
			children = (
				361E727D2B05D7BD00F78E56 /* Profile */,
				361E724E2B051E6500F78E56 /* More */,
				361E72262B04AD0600F78E56 /* Home */,
				361E72192B04A6F200F78E56 /* Register */,
				361E71ED2B048D9F00F78E56 /* Login */,
			);
			path = Screens;
			sourceTree = "<group>";
		};
		361E71E02B0486E200F78E56 /* Extentions */ = {
			isa = PBXGroup;
			children = (
				361E72002B0494DD00F78E56 /* ExtensionUIView.swift */,
				361E72022B0494EE00F78E56 /* ExtensionUIStackView.swift */,
				361E72042B04950100F78E56 /* ExtensionUIButton.swift */,
				361E72172B04A62C00F78E56 /* ExtensionUIImage.swift */,
				361E72242B04A9B300F78E56 /* ExtensionUINavigationController.swift */,
				361E725A2B05259500F78E56 /* ExtensionUIImageView.swift */,
				361E72792B05362E00F78E56 /* ExtensionObservable.swift */,
				361E727B2B0536FD00F78E56 /* ExtensionError.swift */,
			);
			path = Extentions;
			sourceTree = "<group>";
		};
		361E71E12B0486EA00F78E56 /* Constants */ = {
			isa = PBXGroup;
			children = (
				361E71FC2B04930800F78E56 /* ImageConstants.swift */,
				361E71FE2B04935B00F78E56 /* FontConstants.swift */,
				361E72062B04952400F78E56 /* ColorConstants.swift */,
			);
			path = Constants;
			sourceTree = "<group>";
		};
		361E71E22B0486F100F78E56 /* Vendors */ = {
			isa = PBXGroup;
			children = (
				361E71FA2B0492FA00F78E56 /* Then.swift */,
				361E72322B04AE6A00F78E56 /* UIWindowTransition.swift */,
			);
			path = Vendors;
			sourceTree = "<group>";
		};
		361E71E32B04870500F78E56 /* Persistents */ = {
			isa = PBXGroup;
			children = (
				361E72552B051F1D00F78E56 /* UserDefaultsConfig.swift */,
			);
			path = Persistents;
			sourceTree = "<group>";
		};
		361E71E42B04879400F78E56 /* Router */ = {
			isa = PBXGroup;
			children = (
				361E71E52B04879F00F78E56 /* Router.swift */,
			);
			path = Router;
			sourceTree = "<group>";
		};
		361E71EB2B0487FE00F78E56 /* Views */ = {
			isa = PBXGroup;
			children = (
				361E72132B04971A00F78E56 /* TextField.swift */,
				361E720C2B04969E00F78E56 /* WelcomeHeaderView.swift */,
				361E720E2B0496CB00F78E56 /* WelcomeFooterView.swift */,
			);
			path = Views;
			sourceTree = "<group>";
		};
		361E71EC2B04880500F78E56 /* Cells */ = {
			isa = PBXGroup;
			children = (
			);
			path = Cells;
			sourceTree = "<group>";
		};
		361E71ED2B048D9F00F78E56 /* Login */ = {
			isa = PBXGroup;
			children = (
				361E72102B0496E000F78E56 /* Subviews */,
				361E72082B0495CA00F78E56 /* LoginViewController.swift */,
				361E720A2B0495D100F78E56 /* LoginViewModel.swift */,
			);
			path = Login;
			sourceTree = "<group>";
		};
		361E71F02B048EAC00F78E56 /* Gilroy */ = {
			isa = PBXGroup;
			children = (
				361E72152B049C3C00F78E56 /* Gilroy-SemiBold.ttf */,
				361E71F12B048EC700F78E56 /* Gilroy-ExtraBold.otf */,
				361E71F22B048EC700F78E56 /* Gilroy-Light.otf */,
			);
			path = Gilroy;
			sourceTree = "<group>";
		};
		361E71F52B04922900F78E56 /* Proxima Nova */ = {
			isa = PBXGroup;
			children = (
				361E71F62B04923F00F78E56 /* Proxima-Nova-Regular.otf */,
				361E71F72B04923F00F78E56 /* Proxima-Nova-Semibold.otf */,
			);
			path = "Proxima Nova";
			sourceTree = "<group>";
		};
		361E72102B0496E000F78E56 /* Subviews */ = {
			isa = PBXGroup;
			children = (
				361E72112B0496E800F78E56 /* LoginView.swift */,
			);
			path = Subviews;
			sourceTree = "<group>";
		};
		361E72192B04A6F200F78E56 /* Register */ = {
			isa = PBXGroup;
			children = (
				361E721E2B04A84F00F78E56 /* Subviews */,
				361E721A2B04A6FD00F78E56 /* RegisterViewController.swift */,
				361E721C2B04A70500F78E56 /* RegisterViewModel.swift */,
			);
			path = Register;
			sourceTree = "<group>";
		};
		361E721E2B04A84F00F78E56 /* Subviews */ = {
			isa = PBXGroup;
			children = (
				361E721F2B04A85600F78E56 /* RegisterView.swift */,
			);
			path = Subviews;
			sourceTree = "<group>";
		};
		361E72212B04A89C00F78E56 /* Request Models */ = {
			isa = PBXGroup;
			children = (
				361E72222B04A8A800F78E56 /* RegisterRequestModel.swift */,
			);
			path = "Request Models";
			sourceTree = "<group>";
		};
		361E72262B04AD0600F78E56 /* Home */ = {
			isa = PBXGroup;
			children = (
				361E722B2B04AD3700F78E56 /* Subviews */,
				361E72272B04AD1100F78E56 /* HomeViewController.swift */,
				361E72292B04AD3400F78E56 /* HomeViewModel.swift */,
			);
			path = Home;
			sourceTree = "<group>";
		};
		361E722B2B04AD3700F78E56 /* Subviews */ = {
			isa = PBXGroup;
			children = (
				361E722C2B04AD5500F78E56 /* HealthSolutionCardView.swift */,
				361E722E2B04AD6300F78E56 /* SpecialServiceCardView.swift */,
				361E72302B04AD7300F78E56 /* TrackCardView.swift */,
				361E723C2B04C74500F78E56 /* HomeCardCell.swift */,
				361E723E2B04C92800F78E56 /* HomeSearchCell.swift */,
				361E72422B04CF1300F78E56 /* HomeProductListCell.swift */,
				361E72402B04CC3B00F78E56 /* HomeProductItemCell.swift */,
				361E72482B04D4CD00F78E56 /* HomeServiceItemCell.swift */,
				361E724A2B04D9CF00F78E56 /* HomeServiceHeaderCell.swift */,
			);
			path = Subviews;
			sourceTree = "<group>";
		};
		361E724E2B051E6500F78E56 /* More */ = {
			isa = PBXGroup;
			children = (
				361E72572B051F5600F78E56 /* Subviews */,
				361E724F2B051E7600F78E56 /* MoreViewController.swift */,
				361E72512B051E8000F78E56 /* MoreViewModel.swift */,
			);
			path = More;
			sourceTree = "<group>";
		};
		361E72572B051F5600F78E56 /* Subviews */ = {
			isa = PBXGroup;
			children = (
				361E72582B051F6000F78E56 /* MoreContentView.swift */,
			);
			path = Subviews;
			sourceTree = "<group>";
		};
		361E72682B05351000F78E56 /* Endpoints */ = {
			isa = PBXGroup;
			children = (
				361E72692B05351800F78E56 /* AuthEndpoint.swift */,
			);
			path = Endpoints;
			sourceTree = "<group>";
		};
		361E727D2B05D7BD00F78E56 /* Profile */ = {
			isa = PBXGroup;
			children = (
				361E72822B05D7EE00F78E56 /* Subviews */,
				361E727E2B05D7C400F78E56 /* ProfileViewController.swift */,
				361E72802B05D7E500F78E56 /* ProfileViewModel.swift */,
			);
			path = Profile;
			sourceTree = "<group>";
		};
		361E72822B05D7EE00F78E56 /* Subviews */ = {
			isa = PBXGroup;
			children = (
				361E72832B05D7F800F78E56 /* ProfileFormView.swift */,
				361E72852B05D80500F78E56 /* ProfileFormHeaderView.swift */,
				361E72872B05D81600F78E56 /* ProfileCardView.swift */,
			);
			path = Subviews;
			sourceTree = "<group>";
		};
		4044AF5EE020CB7BD504F4E8 /* Pods */ = {
			isa = PBXGroup;
			children = (
				C3CFCFDCEAEEEE0C879C4847 /* Pods-VascommMobile.debug.xcconfig */,
				A3D1E1BFDE8A8586F8C60522 /* Pods-VascommMobile.release.xcconfig */,
				6E9EE3A49908F96F76B2D4F7 /* Pods-VascommMobile-VascommMobileUITests.debug.xcconfig */,
				218F8E0C3A1F51DE0DE6CF36 /* Pods-VascommMobile-VascommMobileUITests.release.xcconfig */,
				247380E688ED80F863506F58 /* Pods-VascommMobileTests.debug.xcconfig */,
				AA6D65759F464D57041550CA /* Pods-VascommMobileTests.release.xcconfig */,
			);
			path = Pods;
			sourceTree = "<group>";
		};
		ED020989A90B549435E51718 /* Frameworks */ = {
			isa = PBXGroup;
			children = (
				97CD41D91D538BF605B4E7CA /* Pods_VascommMobile.framework */,
				FD0A582ADD77BC1B5B905FBB /* Pods_VascommMobile_VascommMobileUITests.framework */,
				C04C19B398A9B1296F22418B /* Pods_VascommMobileTests.framework */,
			);
			name = Frameworks;
			sourceTree = "<group>";
		};
/* End PBXGroup section */

/* Begin PBXNativeTarget section */
		361E719E2B04855100F78E56 /* VascommMobile */ = {
			isa = PBXNativeTarget;
			buildConfigurationList = 361E71C92B04855200F78E56 /* Build configuration list for PBXNativeTarget "VascommMobile" */;
			buildPhases = (
				7095886A4B1D5F6F586CDE65 /* [CP] Check Pods Manifest.lock */,
				361E719B2B04855100F78E56 /* Sources */,
				361E719C2B04855100F78E56 /* Frameworks */,
				361E719D2B04855100F78E56 /* Resources */,
				903A5E159129AC7BB462E607 /* [CP] Embed Pods Frameworks */,
			);
			buildRules = (
			);
			dependencies = (
			);
			name = VascommMobile;
			productName = VascommMobile;
			productReference = 361E719F2B04855100F78E56 /* VascommMobile.app */;
			productType = "com.apple.product-type.application";
		};
		361E71B42B04855200F78E56 /* VascommMobileTests */ = {
			isa = PBXNativeTarget;
			buildConfigurationList = 361E71CC2B04855200F78E56 /* Build configuration list for PBXNativeTarget "VascommMobileTests" */;
			buildPhases = (
				68987243EB868149BB2A1605 /* [CP] Check Pods Manifest.lock */,
				361E71B12B04855200F78E56 /* Sources */,
				361E71B22B04855200F78E56 /* Frameworks */,
				361E71B32B04855200F78E56 /* Resources */,
			);
			buildRules = (
			);
			dependencies = (
				361E71B72B04855200F78E56 /* PBXTargetDependency */,
			);
			name = VascommMobileTests;
			productName = VascommMobileTests;
			productReference = 361E71B52B04855200F78E56 /* VascommMobileTests.xctest */;
			productType = "com.apple.product-type.bundle.unit-test";
		};
		361E71BE2B04855200F78E56 /* VascommMobileUITests */ = {
			isa = PBXNativeTarget;
			buildConfigurationList = 361E71CF2B04855200F78E56 /* Build configuration list for PBXNativeTarget "VascommMobileUITests" */;
			buildPhases = (
				25ED7A47247B6A61E33E38FF /* [CP] Check Pods Manifest.lock */,
				361E71BB2B04855200F78E56 /* Sources */,
				361E71BC2B04855200F78E56 /* Frameworks */,
				361E71BD2B04855200F78E56 /* Resources */,
				3FD9D4616CB21F457C709B3C /* [CP] Embed Pods Frameworks */,
			);
			buildRules = (
			);
			dependencies = (
				361E71C12B04855200F78E56 /* PBXTargetDependency */,
			);
			name = VascommMobileUITests;
			productName = VascommMobileUITests;
			productReference = 361E71BF2B04855200F78E56 /* VascommMobileUITests.xctest */;
			productType = "com.apple.product-type.bundle.ui-testing";
		};
/* End PBXNativeTarget section */

/* Begin PBXProject section */
		361E71972B04855100F78E56 /* Project object */ = {
			isa = PBXProject;
			attributes = {
				BuildIndependentTargetsInParallel = 1;
				LastSwiftUpdateCheck = 1430;
				LastUpgradeCheck = 1430;
				TargetAttributes = {
					361E719E2B04855100F78E56 = {
						CreatedOnToolsVersion = 14.3.1;
					};
					361E71B42B04855200F78E56 = {
						CreatedOnToolsVersion = 14.3.1;
						TestTargetID = 361E719E2B04855100F78E56;
					};
					361E71BE2B04855200F78E56 = {
						CreatedOnToolsVersion = 14.3.1;
						TestTargetID = 361E719E2B04855100F78E56;
					};
				};
			};
			buildConfigurationList = 361E719A2B04855100F78E56 /* Build configuration list for PBXProject "VascommMobile" */;
			compatibilityVersion = "Xcode 14.0";
			developmentRegion = en;
			hasScannedForEncodings = 0;
			knownRegions = (
				en,
				Base,
			);
			mainGroup = 361E71962B04855100F78E56;
			productRefGroup = 361E71A02B04855100F78E56 /* Products */;
			projectDirPath = "";
			projectRoot = "";
			targets = (
				361E719E2B04855100F78E56 /* VascommMobile */,
				361E71B42B04855200F78E56 /* VascommMobileTests */,
				361E71BE2B04855200F78E56 /* VascommMobileUITests */,
			);
		};
/* End PBXProject section */

/* Begin PBXResourcesBuildPhase section */
		361E719D2B04855100F78E56 /* Resources */ = {
			isa = PBXResourcesBuildPhase;
			buildActionMask = 2147483647;
			files = (
				361E71AF2B04855200F78E56 /* LaunchScreen.storyboard in Resources */,
				361E72162B049C3D00F78E56 /* Gilroy-SemiBold.ttf in Resources */,
				361E71AC2B04855200F78E56 /* Assets.xcassets in Resources */,
				361E71F92B04923F00F78E56 /* Proxima-Nova-Semibold.otf in Resources */,
				361E71AA2B04855100F78E56 /* Main.storyboard in Resources */,
				361E71F82B04923F00F78E56 /* Proxima-Nova-Regular.otf in Resources */,
				361E71F42B048EC700F78E56 /* Gilroy-Light.otf in Resources */,
				361E71F32B048EC700F78E56 /* Gilroy-ExtraBold.otf in Resources */,
			);
			runOnlyForDeploymentPostprocessing = 0;
		};
		361E71B32B04855200F78E56 /* Resources */ = {
			isa = PBXResourcesBuildPhase;
			buildActionMask = 2147483647;
			files = (
			);
			runOnlyForDeploymentPostprocessing = 0;
		};
		361E71BD2B04855200F78E56 /* Resources */ = {
			isa = PBXResourcesBuildPhase;
			buildActionMask = 2147483647;
			files = (
			);
			runOnlyForDeploymentPostprocessing = 0;
		};
/* End PBXResourcesBuildPhase section */

/* Begin PBXShellScriptBuildPhase section */
		25ED7A47247B6A61E33E38FF /* [CP] Check Pods Manifest.lock */ = {
			isa = PBXShellScriptBuildPhase;
			buildActionMask = 2147483647;
			files = (
			);
			inputFileListPaths = (
			);
			inputPaths = (
				"${PODS_PODFILE_DIR_PATH}/Podfile.lock",
				"${PODS_ROOT}/Manifest.lock",
			);
			name = "[CP] Check Pods Manifest.lock";
			outputFileListPaths = (
			);
			outputPaths = (
				"$(DERIVED_FILE_DIR)/Pods-VascommMobile-VascommMobileUITests-checkManifestLockResult.txt",
			);
			runOnlyForDeploymentPostprocessing = 0;
			shellPath = /bin/sh;
			shellScript = "diff \"${PODS_PODFILE_DIR_PATH}/Podfile.lock\" \"${PODS_ROOT}/Manifest.lock\" > /dev/null\nif [ $? != 0 ] ; then\n    # print error to STDERR\n    echo \"error: The sandbox is not in sync with the Podfile.lock. Run 'pod install' or update your CocoaPods installation.\" >&2\n    exit 1\nfi\n# This output is used by Xcode 'outputs' to avoid re-running this script phase.\necho \"SUCCESS\" > \"${SCRIPT_OUTPUT_FILE_0}\"\n";
			showEnvVarsInLog = 0;
		};
		3FD9D4616CB21F457C709B3C /* [CP] Embed Pods Frameworks */ = {
			isa = PBXShellScriptBuildPhase;
			buildActionMask = 2147483647;
			files = (
			);
			inputFileListPaths = (
				"${PODS_ROOT}/Target Support Files/Pods-VascommMobile-VascommMobileUITests/Pods-VascommMobile-VascommMobileUITests-frameworks-${CONFIGURATION}-input-files.xcfilelist",
			);
			name = "[CP] Embed Pods Frameworks";
			outputFileListPaths = (
				"${PODS_ROOT}/Target Support Files/Pods-VascommMobile-VascommMobileUITests/Pods-VascommMobile-VascommMobileUITests-frameworks-${CONFIGURATION}-output-files.xcfilelist",
			);
			runOnlyForDeploymentPostprocessing = 0;
			shellPath = /bin/sh;
			shellScript = "\"${PODS_ROOT}/Target Support Files/Pods-VascommMobile-VascommMobileUITests/Pods-VascommMobile-VascommMobileUITests-frameworks.sh\"\n";
			showEnvVarsInLog = 0;
		};
		68987243EB868149BB2A1605 /* [CP] Check Pods Manifest.lock */ = {
			isa = PBXShellScriptBuildPhase;
			buildActionMask = 2147483647;
			files = (
			);
			inputFileListPaths = (
			);
			inputPaths = (
				"${PODS_PODFILE_DIR_PATH}/Podfile.lock",
				"${PODS_ROOT}/Manifest.lock",
			);
			name = "[CP] Check Pods Manifest.lock";
			outputFileListPaths = (
			);
			outputPaths = (
				"$(DERIVED_FILE_DIR)/Pods-VascommMobileTests-checkManifestLockResult.txt",
			);
			runOnlyForDeploymentPostprocessing = 0;
			shellPath = /bin/sh;
			shellScript = "diff \"${PODS_PODFILE_DIR_PATH}/Podfile.lock\" \"${PODS_ROOT}/Manifest.lock\" > /dev/null\nif [ $? != 0 ] ; then\n    # print error to STDERR\n    echo \"error: The sandbox is not in sync with the Podfile.lock. Run 'pod install' or update your CocoaPods installation.\" >&2\n    exit 1\nfi\n# This output is used by Xcode 'outputs' to avoid re-running this script phase.\necho \"SUCCESS\" > \"${SCRIPT_OUTPUT_FILE_0}\"\n";
			showEnvVarsInLog = 0;
		};
		7095886A4B1D5F6F586CDE65 /* [CP] Check Pods Manifest.lock */ = {
			isa = PBXShellScriptBuildPhase;
			buildActionMask = 2147483647;
			files = (
			);
			inputFileListPaths = (
			);
			inputPaths = (
				"${PODS_PODFILE_DIR_PATH}/Podfile.lock",
				"${PODS_ROOT}/Manifest.lock",
			);
			name = "[CP] Check Pods Manifest.lock";
			outputFileListPaths = (
			);
			outputPaths = (
				"$(DERIVED_FILE_DIR)/Pods-VascommMobile-checkManifestLockResult.txt",
			);
			runOnlyForDeploymentPostprocessing = 0;
			shellPath = /bin/sh;
			shellScript = "diff \"${PODS_PODFILE_DIR_PATH}/Podfile.lock\" \"${PODS_ROOT}/Manifest.lock\" > /dev/null\nif [ $? != 0 ] ; then\n    # print error to STDERR\n    echo \"error: The sandbox is not in sync with the Podfile.lock. Run 'pod install' or update your CocoaPods installation.\" >&2\n    exit 1\nfi\n# This output is used by Xcode 'outputs' to avoid re-running this script phase.\necho \"SUCCESS\" > \"${SCRIPT_OUTPUT_FILE_0}\"\n";
			showEnvVarsInLog = 0;
		};
		903A5E159129AC7BB462E607 /* [CP] Embed Pods Frameworks */ = {
			isa = PBXShellScriptBuildPhase;
			buildActionMask = 2147483647;
			files = (
			);
			inputFileListPaths = (
				"${PODS_ROOT}/Target Support Files/Pods-VascommMobile/Pods-VascommMobile-frameworks-${CONFIGURATION}-input-files.xcfilelist",
			);
			name = "[CP] Embed Pods Frameworks";
			outputFileListPaths = (
				"${PODS_ROOT}/Target Support Files/Pods-VascommMobile/Pods-VascommMobile-frameworks-${CONFIGURATION}-output-files.xcfilelist",
			);
			runOnlyForDeploymentPostprocessing = 0;
			shellPath = /bin/sh;
			shellScript = "\"${PODS_ROOT}/Target Support Files/Pods-VascommMobile/Pods-VascommMobile-frameworks.sh\"\n";
			showEnvVarsInLog = 0;
		};
/* End PBXShellScriptBuildPhase section */

/* Begin PBXSourcesBuildPhase section */
		361E719B2B04855100F78E56 /* Sources */ = {
			isa = PBXSourcesBuildPhase;
			buildActionMask = 2147483647;
			files = (
				361E72282B04AD1100F78E56 /* HomeViewController.swift in Sources */,
				361E72312B04AD7300F78E56 /* TrackCardView.swift in Sources */,
				361E72432B04CF1300F78E56 /* HomeProductListCell.swift in Sources */,
				361E723D2B04C74500F78E56 /* HomeCardCell.swift in Sources */,
				361E72842B05D7F800F78E56 /* ProfileFormView.swift in Sources */,
				361E725F2B05340C00F78E56 /* NetworkConfig.swift in Sources */,
				361E72012B0494DD00F78E56 /* ExtensionUIView.swift in Sources */,
				361E72032B0494EE00F78E56 /* ExtensionUIStackView.swift in Sources */,
				361E72782B0535BD00F78E56 /* UseCaseInjectionKey.swift in Sources */,
				361E71FD2B04930800F78E56 /* ImageConstants.swift in Sources */,
				361E726A2B05351800F78E56 /* AuthEndpoint.swift in Sources */,
				361E72542B051ED100F78E56 /* UserModel.swift in Sources */,
				361E72072B04952400F78E56 /* ColorConstants.swift in Sources */,
				361E72812B05D7E500F78E56 /* ProfileViewModel.swift in Sources */,
				361E726C2B05353100F78E56 /* Token.swift in Sources */,
				361E72052B04950100F78E56 /* ExtensionUIButton.swift in Sources */,
				361E71E62B04879F00F78E56 /* Router.swift in Sources */,
				361E72232B04A8A800F78E56 /* RegisterRequestModel.swift in Sources */,
				361E72612B05342500F78E56 /* NetworkService.swift in Sources */,
				361E720B2B0495D100F78E56 /* LoginViewModel.swift in Sources */,
				361E71FF2B04935B00F78E56 /* FontConstants.swift in Sources */,
				361E72522B051E8000F78E56 /* MoreViewModel.swift in Sources */,
				361E72412B04CC3B00F78E56 /* HomeProductItemCell.swift in Sources */,
				361E727F2B05D7C400F78E56 /* ProfileViewController.swift in Sources */,
				361E722F2B04AD6300F78E56 /* SpecialServiceCardView.swift in Sources */,
				361E720F2B0496CB00F78E56 /* WelcomeFooterView.swift in Sources */,
				361E725B2B05259500F78E56 /* ExtensionUIImageView.swift in Sources */,
				361E725D2B0533A100F78E56 /* Endpoint.swift in Sources */,
				361E72762B0535AC00F78E56 /* RepositoryInjectionKey.swift in Sources */,
				361E720D2B04969E00F78E56 /* WelcomeHeaderView.swift in Sources */,
				361E72592B051F6000F78E56 /* MoreContentView.swift in Sources */,
				361E72122B0496E800F78E56 /* LoginView.swift in Sources */,
				361E72562B051F1D00F78E56 /* UserDefaultsConfig.swift in Sources */,
				361E72202B04A85600F78E56 /* RegisterView.swift in Sources */,
				361E721B2B04A6FD00F78E56 /* RegisterViewController.swift in Sources */,
				361E723F2B04C92800F78E56 /* HomeSearchCell.swift in Sources */,
				361E72702B05356100F78E56 /* AuthUseCase.swift in Sources */,
				361E727A2B05362E00F78E56 /* ExtensionObservable.swift in Sources */,
				361E722D2B04AD5500F78E56 /* HealthSolutionCardView.swift in Sources */,
				361E72672B0534DC00F78E56 /* ErrorModel.swift in Sources */,
				361E72882B05D81600F78E56 /* ProfileCardView.swift in Sources */,
				361E72332B04AE6A00F78E56 /* UIWindowTransition.swift in Sources */,
				361E71A72B04855100F78E56 /* ViewController.swift in Sources */,
				361E72492B04D4CD00F78E56 /* HomeServiceItemCell.swift in Sources */,
				361E72252B04A9B300F78E56 /* ExtensionUINavigationController.swift in Sources */,
				361E724D2B04DC2300F78E56 /* HomeServiceModel.swift in Sources */,
				361E72502B051E7600F78E56 /* MoreViewController.swift in Sources */,
				361E71A32B04855100F78E56 /* AppDelegate.swift in Sources */,
				361E72182B04A62C00F78E56 /* ExtensionUIImage.swift in Sources */,
				361E72742B05359700F78E56 /* NetworkInjectionKey.swift in Sources */,
				361E71A52B04855100F78E56 /* SceneDelegate.swift in Sources */,
				361E72452B04D47200F78E56 /* HomeProductListModel.swift in Sources */,
				361E721D2B04A70500F78E56 /* RegisterViewModel.swift in Sources */,
				361E726E2B05355000F78E56 /* AuthRepository.swift in Sources */,
				361E722A2B04AD3400F78E56 /* HomeViewModel.swift in Sources */,
				361E72652B05346000F78E56 /* DataTransferService.swift in Sources */,
				361E72722B05357600F78E56 /* DI.swift in Sources */,
				361E71FB2B0492FA00F78E56 /* Then.swift in Sources */,
				361E72142B04971A00F78E56 /* TextField.swift in Sources */,
				361E72092B0495CA00F78E56 /* LoginViewController.swift in Sources */,
				361E72632B05344000F78E56 /* NetworkSession.swift in Sources */,
				361E724B2B04D9CF00F78E56 /* HomeServiceHeaderCell.swift in Sources */,
				361E727C2B0536FD00F78E56 /* ExtensionError.swift in Sources */,
				361E71EA2B0487EA00F78E56 /* BaseViewModel.swift in Sources */,
				361E72862B05D80500F78E56 /* ProfileFormHeaderView.swift in Sources */,
			);
			runOnlyForDeploymentPostprocessing = 0;
		};
		361E71B12B04855200F78E56 /* Sources */ = {
			isa = PBXSourcesBuildPhase;
			buildActionMask = 2147483647;
			files = (
				361E71BA2B04855200F78E56 /* VascommMobileTests.swift in Sources */,
			);
			runOnlyForDeploymentPostprocessing = 0;
		};
		361E71BB2B04855200F78E56 /* Sources */ = {
			isa = PBXSourcesBuildPhase;
			buildActionMask = 2147483647;
			files = (
				361E71C42B04855200F78E56 /* VascommMobileUITests.swift in Sources */,
				361E71C62B04855200F78E56 /* VascommMobileUITestsLaunchTests.swift in Sources */,
			);
			runOnlyForDeploymentPostprocessing = 0;
		};
/* End PBXSourcesBuildPhase section */

/* Begin PBXTargetDependency section */
		361E71B72B04855200F78E56 /* PBXTargetDependency */ = {
			isa = PBXTargetDependency;
			target = 361E719E2B04855100F78E56 /* VascommMobile */;
			targetProxy = 361E71B62B04855200F78E56 /* PBXContainerItemProxy */;
		};
		361E71C12B04855200F78E56 /* PBXTargetDependency */ = {
			isa = PBXTargetDependency;
			target = 361E719E2B04855100F78E56 /* VascommMobile */;
			targetProxy = 361E71C02B04855200F78E56 /* PBXContainerItemProxy */;
		};
/* End PBXTargetDependency section */

/* Begin PBXVariantGroup section */
		361E71A82B04855100F78E56 /* Main.storyboard */ = {
			isa = PBXVariantGroup;
			children = (
				361E71A92B04855100F78E56 /* Base */,
			);
			name = Main.storyboard;
			sourceTree = "<group>";
		};
		361E71AD2B04855200F78E56 /* LaunchScreen.storyboard */ = {
			isa = PBXVariantGroup;
			children = (
				361E71AE2B04855200F78E56 /* Base */,
			);
			name = LaunchScreen.storyboard;
			sourceTree = "<group>";
		};
/* End PBXVariantGroup section */

/* Begin XCBuildConfiguration section */
		361E71C72B04855200F78E56 /* Debug */ = {
			isa = XCBuildConfiguration;
			buildSettings = {
				ALWAYS_SEARCH_USER_PATHS = NO;
				CLANG_ANALYZER_NONNULL = YES;
				CLANG_ANALYZER_NUMBER_OBJECT_CONVERSION = YES_AGGRESSIVE;
				CLANG_CXX_LANGUAGE_STANDARD = "gnu++20";
				CLANG_ENABLE_MODULES = YES;
				CLANG_ENABLE_OBJC_ARC = YES;
				CLANG_ENABLE_OBJC_WEAK = YES;
				CLANG_WARN_BLOCK_CAPTURE_AUTORELEASING = YES;
				CLANG_WARN_BOOL_CONVERSION = YES;
				CLANG_WARN_COMMA = YES;
				CLANG_WARN_CONSTANT_CONVERSION = YES;
				CLANG_WARN_DEPRECATED_OBJC_IMPLEMENTATIONS = YES;
				CLANG_WARN_DIRECT_OBJC_ISA_USAGE = YES_ERROR;
				CLANG_WARN_DOCUMENTATION_COMMENTS = YES;
				CLANG_WARN_EMPTY_BODY = YES;
				CLANG_WARN_ENUM_CONVERSION = YES;
				CLANG_WARN_INFINITE_RECURSION = YES;
				CLANG_WARN_INT_CONVERSION = YES;
				CLANG_WARN_NON_LITERAL_NULL_CONVERSION = YES;
				CLANG_WARN_OBJC_IMPLICIT_RETAIN_SELF = YES;
				CLANG_WARN_OBJC_LITERAL_CONVERSION = YES;
				CLANG_WARN_OBJC_ROOT_CLASS = YES_ERROR;
				CLANG_WARN_QUOTED_INCLUDE_IN_FRAMEWORK_HEADER = YES;
				CLANG_WARN_RANGE_LOOP_ANALYSIS = YES;
				CLANG_WARN_STRICT_PROTOTYPES = YES;
				CLANG_WARN_SUSPICIOUS_MOVE = YES;
				CLANG_WARN_UNGUARDED_AVAILABILITY = YES_AGGRESSIVE;
				CLANG_WARN_UNREACHABLE_CODE = YES;
				CLANG_WARN__DUPLICATE_METHOD_MATCH = YES;
				COPY_PHASE_STRIP = NO;
				DEBUG_INFORMATION_FORMAT = dwarf;
				ENABLE_STRICT_OBJC_MSGSEND = YES;
				ENABLE_TESTABILITY = YES;
				GCC_C_LANGUAGE_STANDARD = gnu11;
				GCC_DYNAMIC_NO_PIC = NO;
				GCC_NO_COMMON_BLOCKS = YES;
				GCC_OPTIMIZATION_LEVEL = 0;
				GCC_PREPROCESSOR_DEFINITIONS = (
					"DEBUG=1",
					"$(inherited)",
				);
				GCC_WARN_64_TO_32_BIT_CONVERSION = YES;
				GCC_WARN_ABOUT_RETURN_TYPE = YES_ERROR;
				GCC_WARN_UNDECLARED_SELECTOR = YES;
				GCC_WARN_UNINITIALIZED_AUTOS = YES_AGGRESSIVE;
				GCC_WARN_UNUSED_FUNCTION = YES;
				GCC_WARN_UNUSED_VARIABLE = YES;
				IPHONEOS_DEPLOYMENT_TARGET = 13.0;
				MTL_ENABLE_DEBUG_INFO = INCLUDE_SOURCE;
				MTL_FAST_MATH = YES;
				ONLY_ACTIVE_ARCH = YES;
				SDKROOT = iphoneos;
				SWIFT_ACTIVE_COMPILATION_CONDITIONS = DEBUG;
				SWIFT_OPTIMIZATION_LEVEL = "-Onone";
			};
			name = Debug;
		};
		361E71C82B04855200F78E56 /* Release */ = {
			isa = XCBuildConfiguration;
			buildSettings = {
				ALWAYS_SEARCH_USER_PATHS = NO;
				CLANG_ANALYZER_NONNULL = YES;
				CLANG_ANALYZER_NUMBER_OBJECT_CONVERSION = YES_AGGRESSIVE;
				CLANG_CXX_LANGUAGE_STANDARD = "gnu++20";
				CLANG_ENABLE_MODULES = YES;
				CLANG_ENABLE_OBJC_ARC = YES;
				CLANG_ENABLE_OBJC_WEAK = YES;
				CLANG_WARN_BLOCK_CAPTURE_AUTORELEASING = YES;
				CLANG_WARN_BOOL_CONVERSION = YES;
				CLANG_WARN_COMMA = YES;
				CLANG_WARN_CONSTANT_CONVERSION = YES;
				CLANG_WARN_DEPRECATED_OBJC_IMPLEMENTATIONS = YES;
				CLANG_WARN_DIRECT_OBJC_ISA_USAGE = YES_ERROR;
				CLANG_WARN_DOCUMENTATION_COMMENTS = YES;
				CLANG_WARN_EMPTY_BODY = YES;
				CLANG_WARN_ENUM_CONVERSION = YES;
				CLANG_WARN_INFINITE_RECURSION = YES;
				CLANG_WARN_INT_CONVERSION = YES;
				CLANG_WARN_NON_LITERAL_NULL_CONVERSION = YES;
				CLANG_WARN_OBJC_IMPLICIT_RETAIN_SELF = YES;
				CLANG_WARN_OBJC_LITERAL_CONVERSION = YES;
				CLANG_WARN_OBJC_ROOT_CLASS = YES_ERROR;
				CLANG_WARN_QUOTED_INCLUDE_IN_FRAMEWORK_HEADER = YES;
				CLANG_WARN_RANGE_LOOP_ANALYSIS = YES;
				CLANG_WARN_STRICT_PROTOTYPES = YES;
				CLANG_WARN_SUSPICIOUS_MOVE = YES;
				CLANG_WARN_UNGUARDED_AVAILABILITY = YES_AGGRESSIVE;
				CLANG_WARN_UNREACHABLE_CODE = YES;
				CLANG_WARN__DUPLICATE_METHOD_MATCH = YES;
				COPY_PHASE_STRIP = NO;
				DEBUG_INFORMATION_FORMAT = "dwarf-with-dsym";
				ENABLE_NS_ASSERTIONS = NO;
				ENABLE_STRICT_OBJC_MSGSEND = YES;
				GCC_C_LANGUAGE_STANDARD = gnu11;
				GCC_NO_COMMON_BLOCKS = YES;
				GCC_WARN_64_TO_32_BIT_CONVERSION = YES;
				GCC_WARN_ABOUT_RETURN_TYPE = YES_ERROR;
				GCC_WARN_UNDECLARED_SELECTOR = YES;
				GCC_WARN_UNINITIALIZED_AUTOS = YES_AGGRESSIVE;
				GCC_WARN_UNUSED_FUNCTION = YES;
				GCC_WARN_UNUSED_VARIABLE = YES;
				IPHONEOS_DEPLOYMENT_TARGET = 13.0;
				MTL_ENABLE_DEBUG_INFO = NO;
				MTL_FAST_MATH = YES;
				SDKROOT = iphoneos;
				SWIFT_COMPILATION_MODE = wholemodule;
				SWIFT_OPTIMIZATION_LEVEL = "-O";
				VALIDATE_PRODUCT = YES;
			};
			name = Release;
		};
		361E71CA2B04855200F78E56 /* Debug */ = {
			isa = XCBuildConfiguration;
			baseConfigurationReference = C3CFCFDCEAEEEE0C879C4847 /* Pods-VascommMobile.debug.xcconfig */;
			buildSettings = {
				ASSETCATALOG_COMPILER_APPICON_NAME = AppIcon;
				ASSETCATALOG_COMPILER_GLOBAL_ACCENT_COLOR_NAME = AccentColor;
				CODE_SIGN_STYLE = Manual;
				CURRENT_PROJECT_VERSION = 1;
				DEVELOPMENT_TEAM = "";
				GENERATE_INFOPLIST_FILE = YES;
				INFOPLIST_FILE = VascommMobile/Resources/Info.plist;
				INFOPLIST_KEY_UIApplicationSupportsIndirectInputEvents = YES;
				INFOPLIST_KEY_UILaunchStoryboardName = LaunchScreen;
				INFOPLIST_KEY_UIMainStoryboardFile = Main;
				INFOPLIST_KEY_UISupportedInterfaceOrientations = UIInterfaceOrientationPortrait;
				INFOPLIST_KEY_UISupportedInterfaceOrientations_iPad = "UIInterfaceOrientationLandscapeLeft UIInterfaceOrientationLandscapeRight UIInterfaceOrientationPortrait UIInterfaceOrientationPortraitUpsideDown";
				IPHONEOS_DEPLOYMENT_TARGET = 13.0;
				LD_RUNPATH_SEARCH_PATHS = (
					"$(inherited)",
					"@executable_path/Frameworks",
				);
				MARKETING_VERSION = 1.0;
				PRODUCT_BUNDLE_IDENTIFIER = com.vascomm.VascommMobile;
				PRODUCT_NAME = "$(TARGET_NAME)";
				PROVISIONING_PROFILE_SPECIFIER = "";
				SWIFT_EMIT_LOC_STRINGS = YES;
				SWIFT_VERSION = 5.0;
				TARGETED_DEVICE_FAMILY = "1,2";
			};
			name = Debug;
		};
		361E71CB2B04855200F78E56 /* Release */ = {
			isa = XCBuildConfiguration;
			baseConfigurationReference = A3D1E1BFDE8A8586F8C60522 /* Pods-VascommMobile.release.xcconfig */;
			buildSettings = {
				ASSETCATALOG_COMPILER_APPICON_NAME = AppIcon;
				ASSETCATALOG_COMPILER_GLOBAL_ACCENT_COLOR_NAME = AccentColor;
				CODE_SIGN_STYLE = Manual;
				CURRENT_PROJECT_VERSION = 1;
				DEVELOPMENT_TEAM = "";
				GENERATE_INFOPLIST_FILE = YES;
				INFOPLIST_FILE = VascommMobile/Resources/Info.plist;
				INFOPLIST_KEY_UIApplicationSupportsIndirectInputEvents = YES;
				INFOPLIST_KEY_UILaunchStoryboardName = LaunchScreen;
				INFOPLIST_KEY_UIMainStoryboardFile = Main;
				INFOPLIST_KEY_UISupportedInterfaceOrientations = UIInterfaceOrientationPortrait;
				INFOPLIST_KEY_UISupportedInterfaceOrientations_iPad = "UIInterfaceOrientationLandscapeLeft UIInterfaceOrientationLandscapeRight UIInterfaceOrientationPortrait UIInterfaceOrientationPortraitUpsideDown";
				IPHONEOS_DEPLOYMENT_TARGET = 13.0;
				LD_RUNPATH_SEARCH_PATHS = (
					"$(inherited)",
					"@executable_path/Frameworks",
				);
				MARKETING_VERSION = 1.0;
				PRODUCT_BUNDLE_IDENTIFIER = com.vascomm.VascommMobile;
				PRODUCT_NAME = "$(TARGET_NAME)";
				PROVISIONING_PROFILE_SPECIFIER = "";
				SWIFT_EMIT_LOC_STRINGS = YES;
				SWIFT_VERSION = 5.0;
				TARGETED_DEVICE_FAMILY = "1,2";
			};
			name = Release;
		};
		361E71CD2B04855200F78E56 /* Debug */ = {
			isa = XCBuildConfiguration;
			baseConfigurationReference = 247380E688ED80F863506F58 /* Pods-VascommMobileTests.debug.xcconfig */;
			buildSettings = {
				ALWAYS_EMBED_SWIFT_STANDARD_LIBRARIES = YES;
				BUNDLE_LOADER = "$(TEST_HOST)";
				CODE_SIGN_STYLE = Automatic;
				CURRENT_PROJECT_VERSION = 1;
				GENERATE_INFOPLIST_FILE = YES;
				IPHONEOS_DEPLOYMENT_TARGET = 13.0;
				MARKETING_VERSION = 1.0;
				PRODUCT_BUNDLE_IDENTIFIER = com.vascomm.VascommMobileTests;
				PRODUCT_NAME = "$(TARGET_NAME)";
				SWIFT_EMIT_LOC_STRINGS = NO;
				SWIFT_VERSION = 5.0;
				TARGETED_DEVICE_FAMILY = "1,2";
				TEST_HOST = "$(BUILT_PRODUCTS_DIR)/VascommMobile.app/$(BUNDLE_EXECUTABLE_FOLDER_PATH)/VascommMobile";
			};
			name = Debug;
		};
		361E71CE2B04855200F78E56 /* Release */ = {
			isa = XCBuildConfiguration;
			baseConfigurationReference = AA6D65759F464D57041550CA /* Pods-VascommMobileTests.release.xcconfig */;
			buildSettings = {
				ALWAYS_EMBED_SWIFT_STANDARD_LIBRARIES = YES;
				BUNDLE_LOADER = "$(TEST_HOST)";
				CODE_SIGN_STYLE = Automatic;
				CURRENT_PROJECT_VERSION = 1;
				GENERATE_INFOPLIST_FILE = YES;
				IPHONEOS_DEPLOYMENT_TARGET = 13.0;
				MARKETING_VERSION = 1.0;
				PRODUCT_BUNDLE_IDENTIFIER = com.vascomm.VascommMobileTests;
				PRODUCT_NAME = "$(TARGET_NAME)";
				SWIFT_EMIT_LOC_STRINGS = NO;
				SWIFT_VERSION = 5.0;
				TARGETED_DEVICE_FAMILY = "1,2";
				TEST_HOST = "$(BUILT_PRODUCTS_DIR)/VascommMobile.app/$(BUNDLE_EXECUTABLE_FOLDER_PATH)/VascommMobile";
			};
			name = Release;
		};
		361E71D02B04855200F78E56 /* Debug */ = {
			isa = XCBuildConfiguration;
			baseConfigurationReference = 6E9EE3A49908F96F76B2D4F7 /* Pods-VascommMobile-VascommMobileUITests.debug.xcconfig */;
			buildSettings = {
				ALWAYS_EMBED_SWIFT_STANDARD_LIBRARIES = YES;
				CODE_SIGN_STYLE = Automatic;
				CURRENT_PROJECT_VERSION = 1;
				GENERATE_INFOPLIST_FILE = YES;
				MARKETING_VERSION = 1.0;
				PRODUCT_BUNDLE_IDENTIFIER = com.vascomm.VascommMobileUITests;
				PRODUCT_NAME = "$(TARGET_NAME)";
				SWIFT_EMIT_LOC_STRINGS = NO;
				SWIFT_VERSION = 5.0;
				TARGETED_DEVICE_FAMILY = "1,2";
				TEST_TARGET_NAME = VascommMobile;
			};
			name = Debug;
		};
		361E71D12B04855200F78E56 /* Release */ = {
			isa = XCBuildConfiguration;
			baseConfigurationReference = 218F8E0C3A1F51DE0DE6CF36 /* Pods-VascommMobile-VascommMobileUITests.release.xcconfig */;
			buildSettings = {
				ALWAYS_EMBED_SWIFT_STANDARD_LIBRARIES = YES;
				CODE_SIGN_STYLE = Automatic;
				CURRENT_PROJECT_VERSION = 1;
				GENERATE_INFOPLIST_FILE = YES;
				MARKETING_VERSION = 1.0;
				PRODUCT_BUNDLE_IDENTIFIER = com.vascomm.VascommMobileUITests;
				PRODUCT_NAME = "$(TARGET_NAME)";
				SWIFT_EMIT_LOC_STRINGS = NO;
				SWIFT_VERSION = 5.0;
				TARGETED_DEVICE_FAMILY = "1,2";
				TEST_TARGET_NAME = VascommMobile;
			};
			name = Release;
		};
/* End XCBuildConfiguration section */

/* Begin XCConfigurationList section */
		361E719A2B04855100F78E56 /* Build configuration list for PBXProject "VascommMobile" */ = {
			isa = XCConfigurationList;
			buildConfigurations = (
				361E71C72B04855200F78E56 /* Debug */,
				361E71C82B04855200F78E56 /* Release */,
			);
			defaultConfigurationIsVisible = 0;
			defaultConfigurationName = Release;
		};
		361E71C92B04855200F78E56 /* Build configuration list for PBXNativeTarget "VascommMobile" */ = {
			isa = XCConfigurationList;
			buildConfigurations = (
				361E71CA2B04855200F78E56 /* Debug */,
				361E71CB2B04855200F78E56 /* Release */,
			);
			defaultConfigurationIsVisible = 0;
			defaultConfigurationName = Release;
		};
		361E71CC2B04855200F78E56 /* Build configuration list for PBXNativeTarget "VascommMobileTests" */ = {
			isa = XCConfigurationList;
			buildConfigurations = (
				361E71CD2B04855200F78E56 /* Debug */,
				361E71CE2B04855200F78E56 /* Release */,
			);
			defaultConfigurationIsVisible = 0;
			defaultConfigurationName = Release;
		};
		361E71CF2B04855200F78E56 /* Build configuration list for PBXNativeTarget "VascommMobileUITests" */ = {
			isa = XCConfigurationList;
			buildConfigurations = (
				361E71D02B04855200F78E56 /* Debug */,
				361E71D12B04855200F78E56 /* Release */,
			);
			defaultConfigurationIsVisible = 0;
			defaultConfigurationName = Release;
		};
/* End XCConfigurationList section */
	};
	rootObject = 361E71972B04855100F78E56 /* Project object */;
}
